
Microsoft Visual Studio Solution File, Format Version 12.00
# Visual Studio Version 16
VisualStudioVersion = 16.0.32106.194
MinimumVisualStudioVersion = 10.0.40219.1
Project("{9A19103F-16F7-4668-BE54-9A1E7A4F7556}") = "Armageddon", "Armageddon.csproj", "{ED682DF2-E35C-4F65-A896-1224AB25F215}"
EndProject
Global
	GlobalSection(SolutionConfigurationPlatforms) = preSolution
		Debug|Any CPU = Debug|Any CPU
		Release|Any CPU = Release|Any CPU
	EndGlobalSection
	GlobalSection(ProjectConfigurationPlatforms) = postSolution
		{ED682DF2-E35C-4F65-A896-1224AB25F215}.Debug|Any CPU.ActiveCfg = Debug|Any CPU
		{ED682DF2-E35C-4F65-A896-1224AB25F215}.Debug|Any CPU.Build.0 = Debug|Any CPU
		{ED682DF2-E35C-4F65-A896-1224AB25F215}.Release|Any CPU.ActiveCfg = Release|Any CPU
		{ED682DF2-E35C-4F65-A896-1224AB25F215}.Release|Any CPU.Build.0 = Release|Any CPU
	EndGlobalSection
	GlobalSection(SolutionProperties) = preSolution
		HideSolutionNode = FALSE
	EndGlobalSection
	GlobalSection(ExtensibilityGlobals) = postSolution
		SolutionGuid = {CAF1728D-71A7-4ED2-9A9E-59B9B4B7E3EA}
	EndGlobalSection
EndGlobal
